
Microsoft Visual Studio Solution File, Format Version 12.00
# Visual Studio Version 17
VisualStudioVersion = 17.6.33723.286
MinimumVisualStudioVersion = 10.0.40219.1
Project("{FAE04EC0-301F-11D3-BF4B-00C04F79EFBC}") = "Day1_BacisConcept", "Day1_BacisConcept\Day1_BacisConcept.csproj", "{7C87A43B-A732-41C9-A4AA-1A0F8915A9D2}"
EndProject
Global
	GlobalSection(SolutionConfigurationPlatforms) = preSolution
		Debug|Any CPU = Debug|Any CPU
		Release|Any CPU = Release|Any CPU
	EndGlobalSection
	GlobalSection(ProjectConfigurationPlatforms) = postSolution
		{7C87A43B-A732-41C9-A4AA-1A0F8915A9D2}.Debug|Any CPU.ActiveCfg = Debug|Any CPU
		{7C87A43B-A732-41C9-A4AA-1A0F8915A9D2}.Debug|Any CPU.Build.0 = Debug|Any CPU
		{7C87A43B-A732-41C9-A4AA-1A0F8915A9D2}.Release|Any CPU.ActiveCfg = Release|Any CPU
		{7C87A43B-A732-41C9-A4AA-1A0F8915A9D2}.Release|Any CPU.Build.0 = Release|Any CPU
	EndGlobalSection
	GlobalSection(SolutionProperties) = preSolution
		HideSolutionNode = FALSE
	EndGlobalSection
	GlobalSection(ExtensibilityGlobals) = postSolution
		SolutionGuid = {CBB7AC9B-D558-47D2-A64F-619E904D1E8C}
	EndGlobalSection
EndGlobal
